
Microsoft Visual Studio Solution File, Format Version 12.00
# Visual Studio Version 17
VisualStudioVersion = 17.9.34902.65
MinimumVisualStudioVersion = 10.0.40219.1
Project("{9A19103F-16F7-4668-BE54-9A1E7A4F7556}") = "FlightsTest.API", "FlightsTest.API\FlightsTest.API.csproj", "{D8C1DD44-6010-428E-A4BA-972DC369B67E}"
EndProject
Project("{9A19103F-16F7-4668-BE54-9A1E7A4F7556}") = "FlightsTest.Aplication", "FlightsTest.Aplication\FlightsTest.Aplication.csproj", "{186DCCA8-FF8D-43F7-858A-81555CEA16E0}"
EndProject
Project("{9A19103F-16F7-4668-BE54-9A1E7A4F7556}") = "FlightsTest.Domain", "FlightsTest.Domain\FlightsTest.Domain.csproj", "{613607A9-F770-4400-9F6F-51210B38382A}"
EndProject
Project("{9A19103F-16F7-4668-BE54-9A1E7A4F7556}") = "FlightsTest.Infraestructure", "FlightsTest.Infraestructure\FlightsTest.Infraestructure.csproj", "{EF73CB87-40C1-4017-9DB4-ACD7C5065A70}"
EndProject
Project("{FAE04EC0-301F-11D3-BF4B-00C04F79EFBC}") = "FlightsTest.Tests", "FlightsTest.Tests\FlightsTest.Tests.csproj", "{1943848D-C3EC-4600-9436-1250E3E8FFCC}"
EndProject
Global
	GlobalSection(SolutionConfigurationPlatforms) = preSolution
		Debug|Any CPU = Debug|Any CPU
		Release|Any CPU = Release|Any CPU
	EndGlobalSection
	GlobalSection(ProjectConfigurationPlatforms) = postSolution
		{D8C1DD44-6010-428E-A4BA-972DC369B67E}.Debug|Any CPU.ActiveCfg = Debug|Any CPU
		{D8C1DD44-6010-428E-A4BA-972DC369B67E}.Debug|Any CPU.Build.0 = Debug|Any CPU
		{D8C1DD44-6010-428E-A4BA-972DC369B67E}.Release|Any CPU.ActiveCfg = Release|Any CPU
		{D8C1DD44-6010-428E-A4BA-972DC369B67E}.Release|Any CPU.Build.0 = Release|Any CPU
		{186DCCA8-FF8D-43F7-858A-81555CEA16E0}.Debug|Any CPU.ActiveCfg = Debug|Any CPU
		{186DCCA8-FF8D-43F7-858A-81555CEA16E0}.Debug|Any CPU.Build.0 = Debug|Any CPU
		{186DCCA8-FF8D-43F7-858A-81555CEA16E0}.Release|Any CPU.ActiveCfg = Release|Any CPU
		{186DCCA8-FF8D-43F7-858A-81555CEA16E0}.Release|Any CPU.Build.0 = Release|Any CPU
		{613607A9-F770-4400-9F6F-51210B38382A}.Debug|Any CPU.ActiveCfg = Debug|Any CPU
		{613607A9-F770-4400-9F6F-51210B38382A}.Debug|Any CPU.Build.0 = Debug|Any CPU
		{613607A9-F770-4400-9F6F-51210B38382A}.Release|Any CPU.ActiveCfg = Release|Any CPU
		{613607A9-F770-4400-9F6F-51210B38382A}.Release|Any CPU.Build.0 = Release|Any CPU
		{EF73CB87-40C1-4017-9DB4-ACD7C5065A70}.Debug|Any CPU.ActiveCfg = Debug|Any CPU
		{EF73CB87-40C1-4017-9DB4-ACD7C5065A70}.Debug|Any CPU.Build.0 = Debug|Any CPU
		{EF73CB87-40C1-4017-9DB4-ACD7C5065A70}.Release|Any CPU.ActiveCfg = Release|Any CPU
		{EF73CB87-40C1-4017-9DB4-ACD7C5065A70}.Release|Any CPU.Build.0 = Release|Any CPU
		{1943848D-C3EC-4600-9436-1250E3E8FFCC}.Debug|Any CPU.ActiveCfg = Debug|Any CPU
		{1943848D-C3EC-4600-9436-1250E3E8FFCC}.Debug|Any CPU.Build.0 = Debug|Any CPU
		{1943848D-C3EC-4600-9436-1250E3E8FFCC}.Release|Any CPU.ActiveCfg = Release|Any CPU
		{1943848D-C3EC-4600-9436-1250E3E8FFCC}.Release|Any CPU.Build.0 = Release|Any CPU
	EndGlobalSection
	GlobalSection(SolutionProperties) = preSolution
		HideSolutionNode = FALSE
	EndGlobalSection
	GlobalSection(ExtensibilityGlobals) = postSolution
		SolutionGuid = {36FFB3D5-DA04-4178-A444-1C0D3331EC49}
	EndGlobalSection
EndGlobal
